
Microsoft Visual Studio Solution File, Format Version 12.00
# Visual Studio Version 17
VisualStudioVersion = 17.4.33213.308
MinimumVisualStudioVersion = 10.0.40219.1
Project("{FAE04EC0-301F-11D3-BF4B-00C04F79EFBC}") = "Lowercase2Uppercase", "Lowercase2Uppercase.csproj", "{A72B2CCA-8808-44C2-B2C7-520741DEABE0}"
EndProject
Global
	GlobalSection(SolutionConfigurationPlatforms) = preSolution
		Debug|Any CPU = Debug|Any CPU
		Release|Any CPU = Release|Any CPU
	EndGlobalSection
	GlobalSection(ProjectConfigurationPlatforms) = postSolution
		{A72B2CCA-8808-44C2-B2C7-520741DEABE0}.Debug|Any CPU.ActiveCfg = Debug|Any CPU
		{A72B2CCA-8808-44C2-B2C7-520741DEABE0}.Debug|Any CPU.Build.0 = Debug|Any CPU
		{A72B2CCA-8808-44C2-B2C7-520741DEABE0}.Release|Any CPU.ActiveCfg = Release|Any CPU
		{A72B2CCA-8808-44C2-B2C7-520741DEABE0}.Release|Any CPU.Build.0 = Release|Any CPU
	EndGlobalSection
	GlobalSection(SolutionProperties) = preSolution
		HideSolutionNode = FALSE
	EndGlobalSection
	GlobalSection(ExtensibilityGlobals) = postSolution
		SolutionGuid = {1E573814-7BC3-4793-994C-91C9F7063038}
	EndGlobalSection
EndGlobal
